<?xml version="1.0" encoding="UTF-8"?>
<Scheme
   version = "1.3">
   <BuildAction>
      <BuildActionEntries>
         <BuildActionEntry
            buildForRunning = "YES">
            <BuildableReference
               BuildableIdentifier = "primary"
               BlueprintIdentifier = "3EC1EBCE4C36E1549D59A3DF"
               BuildableName = "RandomQuoteGenerator.app"
               BlueprintName = "RandomQuoteGenerator"
               ReferencedContainer = "container:RandomQuoteGenerator.xcodeproj">
            </BuildableReference>
         </BuildActionEntry>
      </BuildActionEntries>
   </BuildAction>
   <LaunchAction
      useCustomWorkingDirectory = "NO"
      buildConfiguration = "Debug">
      <BuildableProductRunnable>
         <BuildableReference
            BuildableIdentifier = "primary"
            BlueprintIdentifier = "3EC1EBCE4C36E1549D59A3DF"
            BuildableName = "RandomQuoteGenerator.app"
            BlueprintName = "RandomQuoteGenerator"
            ReferencedContainer = "container:RandomQuoteGenerator.xcodeproj">
         </BuildableReference>
      </BuildableProductRunnable>
   </LaunchAction>
</Scheme>
